// !$*UTF8*$!
{
	archiveVersion = 1;
	classes = {
	};
	objectVersion = 46;
	objects = {

/* Begin PBXBuildFile section */
		790B70BB1A979EA80045779F /* AppDelegate.m in Sources */ = {isa = PBXBuildFile; fileRef = 790B70BA1A979EA80045779F /* AppDelegate.m */; };
		790B70BD1A979EA80045779F /* main.m in Sources */ = {isa = PBXBuildFile; fileRef = 790B70BC1A979EA80045779F /* main.m */; };
		790B70BF1A979EA80045779F /* Images.xcassets in Resources */ = {isa = PBXBuildFile; fileRef = 790B70BE1A979EA80045779F /* Images.xcassets */; };
		790B70C21A979EA80045779F /* MainMenu.xib in Resources */ = {isa = PBXBuildFile; fileRef = 790B70C01A979EA80045779F /* MainMenu.xib */; };
		790B70D81A979EF30045779F /* SSKSunset.framework in Frameworks */ = {isa = PBXBuildFile; fileRef = 790B70D71A979EF30045779F /* SSKSunset.framework */; };
		790B70D91A979EF30045779F /* SSKSunset.framework in Embed Frameworks */ = {isa = PBXBuildFile; fileRef = 790B70D71A979EF30045779F /* SSKSunset.framework */; settings = {ATTRIBUTES = (CodeSignOnCopy, RemoveHeadersOnCopy, ); }; };
/* End PBXBuildFile section */

/* Begin PBXCopyFilesBuildPhase section */
		790B70DA1A979EF30045779F /* Embed Frameworks */ = {
			isa = PBXCopyFilesBuildPhase;
			buildActionMask = 2147483647;
			dstPath = "";
			dstSubfolderSpec = 10;
			files = (
				790B70D91A979EF30045779F /* SSKSunset.framework in Embed Frameworks */,
			);
			name = "Embed Frameworks";
			runOnlyForDeploymentPostprocessing = 0;
		};
/* End PBXCopyFilesBuildPhase section */

/* Begin PBXFileReference section */
		790B70B41A979EA80045779F /* Example.app */ = {isa = PBXFileReference; explicitFileType = wrapper.application; includeInIndex = 0; path = Example.app; sourceTree = BUILT_PRODUCTS_DIR; };
		790B70B81A979EA80045779F /* Info.plist */ = {isa = PBXFileReference; lastKnownFileType = text.plist.xml; path = Info.plist; sourceTree = "<group>"; };
		790B70B91A979EA80045779F /* AppDelegate.h */ = {isa = PBXFileReference; lastKnownFileType = sourcecode.c.h; path = AppDelegate.h; sourceTree = "<group>"; };
		790B70BA1A979EA80045779F /* AppDelegate.m */ = {isa = PBXFileReference; lastKnownFileType = sourcecode.c.objc; path = AppDelegate.m; sourceTree = "<group>"; };
		790B70BC1A979EA80045779F /* main.m */ = {isa = PBXFileReference; lastKnownFileType = sourcecode.c.objc; path = main.m; sourceTree = "<group>"; };
		790B70BE1A979EA80045779F /* Images.xcassets */ = {isa = PBXFileReference; lastKnownFileType = folder.assetcatalog; path = Images.xcassets; sourceTree = "<group>"; };
		790B70C11A979EA80045779F /* Base */ = {isa = PBXFileReference; lastKnownFileType = file.xib; name = Base; path = Base.lproj/MainMenu.xib; sourceTree = "<group>"; };
		790B70D71A979EF30045779F /* SSKSunset.framework */ = {isa = PBXFileReference; explicitFileType = wrapper.framework; name = SSKSunset.framework; path = "/Users/kaneshin/Library/Developer/Xcode/DerivedData/SSKSunset-dxowqjotdgtcwpfzxsrcplfrqmtj/Build/Products/Debug/SSKSunset.framework"; sourceTree = "<absolute>"; };
/* End PBXFileReference section */

/* Begin PBXFrameworksBuildPhase section */
		790B70B11A979EA80045779F /* Frameworks */ = {
			isa = PBXFrameworksBuildPhase;
			buildActionMask = 2147483647;
			files = (
				790B70D81A979EF30045779F /* SSKSunset.framework in Frameworks */,
			);
			runOnlyForDeploymentPostprocessing = 0;
		};
/* End PBXFrameworksBuildPhase section */

/* Begin PBXGroup section */
		790B70AB1A979EA80045779F = {
			isa = PBXGroup;
			children = (
				790B70D71A979EF30045779F /* SSKSunset.framework */,
				790B70B61A979EA80045779F /* Example */,
				790B70B51A979EA80045779F /* Products */,
			);
			sourceTree = "<group>";
		};
		790B70B51A979EA80045779F /* Products */ = {
			isa = PBXGroup;
			children = (
				790B70B41A979EA80045779F /* Example.app */,
			);
			name = Products;
			sourceTree = "<group>";
		};
		790B70B61A979EA80045779F /* Example */ = {
			isa = PBXGroup;
			children = (
				790B70B91A979EA80045779F /* AppDelegate.h */,
				790B70BA1A979EA80045779F /* AppDelegate.m */,
				790B70BE1A979EA80045779F /* Images.xcassets */,
				790B70C01A979EA80045779F /* MainMenu.xib */,
				790B70B71A979EA80045779F /* Supporting Files */,
			);
			path = Example;
			sourceTree = "<group>";
		};
		790B70B71A979EA80045779F /* Supporting Files */ = {
			isa = PBXGroup;
			children = (
				790B70B81A979EA80045779F /* Info.plist */,
				790B70BC1A979EA80045779F /* main.m */,
			);
			name = "Supporting Files";
			sourceTree = "<group>";
		};
/* End PBXGroup section */

/* Begin PBXNativeTarget section */
		790B70B31A979EA80045779F /* Example */ = {
			isa = PBXNativeTarget;
			buildConfigurationList = 790B70D11A979EA80045779F /* Build configuration list for PBXNativeTarget "Example" */;
			buildPhases = (
				790B70B01A979EA80045779F /* Sources */,
				790B70B11A979EA80045779F /* Frameworks */,
				790B70B21A979EA80045779F /* Resources */,
				790B70DA1A979EF30045779F /* Embed Frameworks */,
			);
			buildRules = (
			);
			dependencies = (
			);
			name = Example;
			productName = Example;
			productReference = 790B70B41A979EA80045779F /* Example.app */;
			productType = "com.apple.product-type.application";
		};
/* End PBXNativeTarget section */

/* Begin PBXProject section */
		790B70AC1A979EA80045779F /* Project object */ = {
			isa = PBXProject;
			attributes = {
				LastUpgradeCheck = 0610;
				ORGANIZATIONNAME = "Shintaro Kaneko";
				TargetAttributes = {
					790B70B31A979EA80045779F = {
						CreatedOnToolsVersion = 6.1.1;
					};
				};
			};
			buildConfigurationList = 790B70AF1A979EA80045779F /* Build configuration list for PBXProject "Example" */;
			compatibilityVersion = "Xcode 3.2";
			developmentRegion = English;
			hasScannedForEncodings = 0;
			knownRegions = (
				en,
				Base,
			);
			mainGroup = 790B70AB1A979EA80045779F;
			productRefGroup = 790B70B51A979EA80045779F /* Products */;
			projectDirPath = "";
			projectRoot = "";
			targets = (
				790B70B31A979EA80045779F /* Example */,
			);
		};
/* End PBXProject section */

/* Begin PBXResourcesBuildPhase section */
		790B70B21A979EA80045779F /* Resources */ = {
			isa = PBXResourcesBuildPhase;
			buildActionMask = 2147483647;
			files = (
				790B70BF1A979EA80045779F /* Images.xcassets in Resources */,
				790B70C21A979EA80045779F /* MainMenu.xib in Resources */,
			);
			runOnlyForDeploymentPostprocessing = 0;
		};
/* End PBXResourcesBuildPhase section */

/* Begin PBXSourcesBuildPhase section */
		790B70B01A979EA80045779F /* Sources */ = {
			isa = PBXSourcesBuildPhase;
			buildActionMask = 2147483647;
			files = (
				790B70BD1A979EA80045779F /* main.m in Sources */,
				790B70BB1A979EA80045779F /* AppDelegate.m in Sources */,
			);
			runOnlyForDeploymentPostprocessing = 0;
		};
/* End PBXSourcesBuildPhase section */

/* Begin PBXVariantGroup section */
		790B70C01A979EA80045779F /* MainMenu.xib */ = {
			isa = PBXVariantGroup;
			children = (
				790B70C11A979EA80045779F /* Base */,
			);
			name = MainMenu.xib;
			sourceTree = "<group>";
		};
/* End PBXVariantGroup section */

/* Begin XCBuildConfiguration section */
		790B70CF1A979EA80045779F /* Debug */ = {
			isa = XCBuildConfiguration;
			buildSettings = {
				ALWAYS_SEARCH_USER_PATHS = NO;
				CLANG_CXX_LANGUAGE_STANDARD = "gnu++0x";
				CLANG_CXX_LIBRARY = "libc++";
				CLANG_ENABLE_MODULES = YES;
				CLANG_ENABLE_OBJC_ARC = YES;
				CLANG_WARN_BOOL_CONVERSION = YES;
				CLANG_WARN_CONSTANT_CONVERSION = YES;
				CLANG_WARN_DIRECT_OBJC_ISA_USAGE = YES_ERROR;
				CLANG_WARN_EMPTY_BODY = YES;
				CLANG_WARN_ENUM_CONVERSION = YES;
				CLANG_WARN_INT_CONVERSION = YES;
				CLANG_WARN_OBJC_ROOT_CLASS = YES_ERROR;
				CLANG_WARN_UNREACHABLE_CODE = YES;
				CLANG_WARN__DUPLICATE_METHOD_MATCH = YES;
				CODE_SIGN_IDENTITY = "-";
				COPY_PHASE_STRIP = NO;
				ENABLE_STRICT_OBJC_MSGSEND = YES;
				GCC_C_LANGUAGE_STANDARD = gnu99;
				GCC_DYNAMIC_NO_PIC = NO;
				GCC_OPTIMIZATION_LEVEL = 0;
				GCC_PREPROCESSOR_DEFINITIONS = (
					"DEBUG=1",
					"$(inherited)",
				);
				GCC_SYMBOLS_PRIVATE_EXTERN = NO;
				GCC_WARN_64_TO_32_BIT_CONVERSION = YES;
				GCC_WARN_ABOUT_RETURN_TYPE = YES_ERROR;
				GCC_WARN_UNDECLARED_SELECTOR = YES;
				GCC_WARN_UNINITIALIZED_AUTOS = YES_AGGRESSIVE;
				GCC_WARN_UNUSED_FUNCTION = YES;
				GCC_WARN_UNUSED_VARIABLE = YES;
				MACOSX_DEPLOYMENT_TARGET = 10.10;
				MTL_ENABLE_DEBUG_INFO = YES;
				ONLY_ACTIVE_ARCH = YES;
				SDKROOT = macosx;
			};
			name = Debug;
		};
		790B70D01A979EA80045779F /* Release */ = {
			isa = XCBuildConfiguration;
			buildSettings = {
				ALWAYS_SEARCH_USER_PATHS = NO;
				CLANG_CXX_LANGUAGE_STANDARD = "gnu++0x";
				CLANG_CXX_LIBRARY = "libc++";
				CLANG_ENABLE_MODULES = YES;
				CLANG_ENABLE_OBJC_ARC = YES;
				CLANG_WARN_BOOL_CONVERSION = YES;
				CLANG_WARN_CONSTANT_CONVERSION = YES;
				CLANG_WARN_DIRECT_OBJC_ISA_USAGE = YES_ERROR;
				CLANG_WARN_EMPTY_BODY = YES;
				CLANG_WARN_ENUM_CONVERSION = YES;
				CLANG_WARN_INT_CONVERSION = YES;
				CLANG_WARN_OBJC_ROOT_CLASS = YES_ERROR;
				CLANG_WARN_UNREACHABLE_CODE = YES;
				CLANG_WARN__DUPLICATE_METHOD_MATCH = YES;
				CODE_SIGN_IDENTITY = "-";
				COPY_PHASE_STRIP = YES;
				DEBUG_INFORMATION_FORMAT = "dwarf-with-dsym";
				ENABLE_NS_ASSERTIONS = NO;
				ENABLE_STRICT_OBJC_MSGSEND = YES;
				GCC_C_LANGUAGE_STANDARD = gnu99;
				GCC_WARN_64_TO_32_BIT_CONVERSION = YES;
				GCC_WARN_ABOUT_RETURN_TYPE = YES_ERROR;
				GCC_WARN_UNDECLARED_SELECTOR = YES;
				GCC_WARN_UNINITIALIZED_AUTOS = YES_AGGRESSIVE;
				GCC_WARN_UNUSED_FUNCTION = YES;
				GCC_WARN_UNUSED_VARIABLE = YES;
				MACOSX_DEPLOYMENT_TARGET = 10.10;
				MTL_ENABLE_DEBUG_INFO = NO;
				SDKROOT = macosx;
			};
			name = Release;
		};
		790B70D21A979EA80045779F /* Debug */ = {
			isa = XCBuildConfiguration;
			buildSettings = {
				ASSETCATALOG_COMPILER_APPICON_NAME = AppIcon;
				COMBINE_HIDPI_IMAGES = YES;
				FRAMEWORK_SEARCH_PATHS = (
					"$(inherited)",
					"$(USER_LIBRARY_DIR)/Developer/Xcode/DerivedData/SSKSunset-dxowqjotdgtcwpfzxsrcplfrqmtj/Build/Products/Debug",
				);
				INFOPLIST_FILE = Example/Info.plist;
				LD_RUNPATH_SEARCH_PATHS = "$(inherited) @executable_path/../Frameworks";
				PRODUCT_NAME = "$(TARGET_NAME)";
			};
			name = Debug;
		};
		790B70D31A979EA80045779F /* Release */ = {
			isa = XCBuildConfiguration;
			buildSettings = {
				ASSETCATALOG_COMPILER_APPICON_NAME = AppIcon;
				COMBINE_HIDPI_IMAGES = YES;
				FRAMEWORK_SEARCH_PATHS = (
					"$(inherited)",
					"$(USER_LIBRARY_DIR)/Developer/Xcode/DerivedData/SSKSunset-dxowqjotdgtcwpfzxsrcplfrqmtj/Build/Products/Debug",
				);
				INFOPLIST_FILE = Example/Info.plist;
				LD_RUNPATH_SEARCH_PATHS = "$(inherited) @executable_path/../Frameworks";
				PRODUCT_NAME = "$(TARGET_NAME)";
			};
			name = Release;
		};
/* End XCBuildConfiguration section */

/* Begin XCConfigurationList section */
		790B70AF1A979EA80045779F /* Build configuration list for PBXProject "Example" */ = {
			isa = XCConfigurationList;
			buildConfigurations = (
				790B70CF1A979EA80045779F /* Debug */,
				790B70D01A979EA80045779F /* Release */,
			);
			defaultConfigurationIsVisible = 0;
			defaultConfigurationName = Release;
		};
		790B70D11A979EA80045779F /* Build configuration list for PBXNativeTarget "Example" */ = {
			isa = XCConfigurationList;
			buildConfigurations = (
				790B70D21A979EA80045779F /* Debug */,
				790B70D31A979EA80045779F /* Release */,
			);
			defaultConfigurationIsVisible = 0;
			defaultConfigurationName = Release;
		};
/* End XCConfigurationList section */
	};
	rootObject = 790B70AC1A979EA80045779F /* Project object */;
}
